
Microsoft Visual Studio Solution File, Format Version 12.00
# Visual Studio Version 16
VisualStudioVersion = 16.0.31702.278
MinimumVisualStudioVersion = 10.0.40219.1
Project("{FAE04EC0-301F-11D3-BF4B-00C04F79EFBC}") = "05. Greeting by Name", "05. Greeting by Name\05. Greeting by Name.csproj", "{7E58E63A-2452-44B0-9A42-E3E448725F89}"
EndProject
Project("{FAE04EC0-301F-11D3-BF4B-00C04F79EFBC}") = "06. Concatenate Data", "06. Concatenate Data\06. Concatenate Data.csproj", "{78001353-51B3-4F9C-80EE-0BB542D439C8}"
EndProject
Project("{FAE04EC0-301F-11D3-BF4B-00C04F79EFBC}") = "07. Projects Creation", "07. Projects Creation\07. Projects Creation.csproj", "{C2B96769-25F5-43EC-925E-AC1AE69522E4}"
EndProject
Project("{FAE04EC0-301F-11D3-BF4B-00C04F79EFBC}") = "08. Pet Shop", "08. Pet Shop\08. Pet Shop.csproj", "{1B077EB8-4DAE-4478-89A9-112634347C65}"
EndProject
Project("{FAE04EC0-301F-11D3-BF4B-00C04F79EFBC}") = "09. Yard Greening", "09. Yard Greening\09. Yard Greening.csproj", "{C7A7D7F2-1F1C-4C5C-AE5E-804F720BA340}"
EndProject
Global
	GlobalSection(SolutionConfigurationPlatforms) = preSolution
		Debug|Any CPU = Debug|Any CPU
		Release|Any CPU = Release|Any CPU
	EndGlobalSection
	GlobalSection(ProjectConfigurationPlatforms) = postSolution
		{7E58E63A-2452-44B0-9A42-E3E448725F89}.Debug|Any CPU.ActiveCfg = Debug|Any CPU
		{7E58E63A-2452-44B0-9A42-E3E448725F89}.Debug|Any CPU.Build.0 = Debug|Any CPU
		{7E58E63A-2452-44B0-9A42-E3E448725F89}.Release|Any CPU.ActiveCfg = Release|Any CPU
		{7E58E63A-2452-44B0-9A42-E3E448725F89}.Release|Any CPU.Build.0 = Release|Any CPU
		{78001353-51B3-4F9C-80EE-0BB542D439C8}.Debug|Any CPU.ActiveCfg = Debug|Any CPU
		{78001353-51B3-4F9C-80EE-0BB542D439C8}.Debug|Any CPU.Build.0 = Debug|Any CPU
		{78001353-51B3-4F9C-80EE-0BB542D439C8}.Release|Any CPU.ActiveCfg = Release|Any CPU
		{78001353-51B3-4F9C-80EE-0BB542D439C8}.Release|Any CPU.Build.0 = Release|Any CPU
		{C2B96769-25F5-43EC-925E-AC1AE69522E4}.Debug|Any CPU.ActiveCfg = Debug|Any CPU
		{C2B96769-25F5-43EC-925E-AC1AE69522E4}.Debug|Any CPU.Build.0 = Debug|Any CPU
		{C2B96769-25F5-43EC-925E-AC1AE69522E4}.Release|Any CPU.ActiveCfg = Release|Any CPU
		{C2B96769-25F5-43EC-925E-AC1AE69522E4}.Release|Any CPU.Build.0 = Release|Any CPU
		{1B077EB8-4DAE-4478-89A9-112634347C65}.Debug|Any CPU.ActiveCfg = Debug|Any CPU
		{1B077EB8-4DAE-4478-89A9-112634347C65}.Debug|Any CPU.Build.0 = Debug|Any CPU
		{1B077EB8-4DAE-4478-89A9-112634347C65}.Release|Any CPU.ActiveCfg = Release|Any CPU
		{1B077EB8-4DAE-4478-89A9-112634347C65}.Release|Any CPU.Build.0 = Release|Any CPU
		{C7A7D7F2-1F1C-4C5C-AE5E-804F720BA340}.Debug|Any CPU.ActiveCfg = Debug|Any CPU
		{C7A7D7F2-1F1C-4C5C-AE5E-804F720BA340}.Debug|Any CPU.Build.0 = Debug|Any CPU
		{C7A7D7F2-1F1C-4C5C-AE5E-804F720BA340}.Release|Any CPU.ActiveCfg = Release|Any CPU
		{C7A7D7F2-1F1C-4C5C-AE5E-804F720BA340}.Release|Any CPU.Build.0 = Release|Any CPU
	EndGlobalSection
	GlobalSection(SolutionProperties) = preSolution
		HideSolutionNode = FALSE
	EndGlobalSection
	GlobalSection(ExtensibilityGlobals) = postSolution
		SolutionGuid = {A8BD5F35-5260-49F2-84D4-AFE17631EA6A}
	EndGlobalSection
EndGlobal
